Microsoft Visual Studio Solution File, Format Version 12.00
# Visual Studio Version 17
VisualStudioVersion = 17.5.2.0
MinimumVisualStudioVersion = 10.0.40219.1
Project("{FAE04EC0-301F-11D3-BF4B-00C04F79EFBC}") = "MeuApp", "MeuApp.csproj", "{0C2FB151-FEED-D22B-A9B9-85D326578940}"
EndProject
Global
	GlobalSection(SolutionConfigurationPlatforms) = preSolution
		Debug|Any CPU = Debug|Any CPU
		Release|Any CPU = Release|Any CPU
	EndGlobalSection
	GlobalSection(ProjectConfigurationPlatforms) = postSolution
		{0C2FB151-FEED-D22B-A9B9-85D326578940}.Debug|Any CPU.ActiveCfg = Debug|Any CPU
		{0C2FB151-FEED-D22B-A9B9-85D326578940}.Debug|Any CPU.Build.0 = Debug|Any CPU
		{0C2FB151-FEED-D22B-A9B9-85D326578940}.Release|Any CPU.ActiveCfg = Release|Any CPU
		{0C2FB151-FEED-D22B-A9B9-85D326578940}.Release|Any CPU.Build.0 = Release|Any CPU
	EndGlobalSection
	GlobalSection(SolutionProperties) = preSolution
		HideSolutionNode = FALSE
	EndGlobalSection
	GlobalSection(ExtensibilityGlobals) = postSolution
		SolutionGuid = {FAC17E5F-404E-452E-B531-4A1BDBF6F3F9}
	EndGlobalSection
EndGlobal
